
Microsoft Visual Studio Solution File, Format Version 12.00
# Visual Studio Version 17
VisualStudioVersion = 17.0.31903.59
MinimumVisualStudioVersion = 10.0.40219.1
Project("{2150E333-8FDC-42A3-9474-1A3956D46DE8}") = "src", "src", "{5A1C3F0E-6A5E-4C1B-9E2F-2B7B7D2B3A01}"
EndProject
Project("{9A19103F-16F7-4668-BE54-9A1E7A4F7556}") = "PrepiskaLauncher", "src\PrepiskaLauncher\PrepiskaLauncher.csproj", "{D9B9E57B-7B2F-2442-0BDE-9DB94176E441}"
EndProject
Project("{9A19103F-16F7-4668-BE54-9A1E7A4F7556}") = "WorkshopHelper", "src\WorkshopHelper\WorkshopHelper.csproj", "{3C7F2D4A-8B1E-4F5A-A6C2-7E9D1B0F4C12}"
EndProject
Project("{2150E333-8FDC-42A3-9474-1A3956D46DE8}") = "tests", "tests", "{0AB3BF05-4346-4AA6-1389-037BE0695223}"
EndProject
Project("{FAE04EC0-301F-11D3-BF4B-00C04F79EFBC}") = "PrepiskaLauncher.Tests", "tests\PrepiskaLauncher.Tests\PrepiskaLauncher.Tests.csproj", "{242CA857-7CDF-4FBD-B7F4-65B9C783811D}"
EndProject
Global
	GlobalSection(SolutionConfigurationPlatforms) = preSolution
		Debug|Any CPU = Debug|Any CPU
		Debug|x64 = Debug|x64
		Debug|x86 = Debug|x86
		Release|Any CPU = Release|Any CPU
		Release|x64 = Release|x64
		Release|x86 = Release|x86
	EndGlobalSection
	GlobalSection(ProjectConfigurationPlatforms) = postSolution
		{D9B9E57B-7B2F-2442-0BDE-9DB94176E441}.Debug|Any CPU.ActiveCfg = Debug|Any CPU
		{D9B9E57B-7B2F-2442-0BDE-9DB94176E441}.Debug|Any CPU.Build.0 = Debug|Any CPU
		{D9B9E57B-7B2F-2442-0BDE-9DB94176E441}.Debug|x64.ActiveCfg = Debug|Any CPU
		{D9B9E57B-7B2F-2442-0BDE-9DB94176E441}.Debug|x64.Build.0 = Debug|Any CPU
		{D9B9E57B-7B2F-2442-0BDE-9DB94176E441}.Debug|x86.ActiveCfg = Debug|Any CPU
		{D9B9E57B-7B2F-2442-0BDE-9DB94176E441}.Debug|x86.Build.0 = Debug|Any CPU
		{D9B9E57B-7B2F-2442-0BDE-9DB94176E441}.Release|Any CPU.ActiveCfg = Release|Any CPU
		{D9B9E57B-7B2F-2442-0BDE-9DB94176E441}.Release|Any CPU.Build.0 = Release|Any CPU
		{D9B9E57B-7B2F-2442-0BDE-9DB94176E441}.Release|x64.ActiveCfg = Release|Any CPU
		{D9B9E57B-7B2F-2442-0BDE-9DB94176E441}.Release|x64.Build.0 = Release|Any CPU
		{D9B9E57B-7B2F-2442-0BDE-9DB94176E441}.Release|x86.ActiveCfg = Release|Any CPU
		{D9B9E57B-7B2F-2442-0BDE-9DB94176E441}.Release|x86.Build.0 = Release|Any CPU
		{3C7F2D4A-8B1E-4F5A-A6C2-7E9D1B0F4C12}.Debug|Any CPU.ActiveCfg = Debug|Any CPU
		{3C7F2D4A-8B1E-4F5A-A6C2-7E9D1B0F4C12}.Debug|Any CPU.Build.0 = Debug|Any CPU
		{3C7F2D4A-8B1E-4F5A-A6C2-7E9D1B0F4C12}.Debug|x64.ActiveCfg = Debug|Any CPU
		{3C7F2D4A-8B1E-4F5A-A6C2-7E9D1B0F4C12}.Debug|x64.Build.0 = Debug|Any CPU
		{3C7F2D4A-8B1E-4F5A-A6C2-7E9D1B0F4C12}.Debug|x86.ActiveCfg = Debug|Any CPU
		{3C7F2D4A-8B1E-4F5A-A6C2-7E9D1B0F4C12}.Debug|x86.Build.0 = Debug|Any CPU
		{3C7F2D4A-8B1E-4F5A-A6C2-7E9D1B0F4C12}.Release|Any CPU.ActiveCfg = Release|Any CPU
		{3C7F2D4A-8B1E-4F5A-A6C2-7E9D1B0F4C12}.Release|Any CPU.Build.0 = Release|Any CPU
		{3C7F2D4A-8B1E-4F5A-A6C2-7E9D1B0F4C12}.Release|x64.ActiveCfg = Release|Any CPU
		{3C7F2D4A-8B1E-4F5A-A6C2-7E9D1B0F4C12}.Release|x64.Build.0 = Release|Any CPU
		{3C7F2D4A-8B1E-4F5A-A6C2-7E9D1B0F4C12}.Release|x86.ActiveCfg = Release|Any CPU
		{3C7F2D4A-8B1E-4F5A-A6C2-7E9D1B0F4C12}.Release|x86.Build.0 = Release|Any CPU
		{242CA857-7CDF-4FBD-B7F4-65B9C783811D}.Debug|Any CPU.ActiveCfg = Debug|Any CPU
		{242CA857-7CDF-4FBD-B7F4-65B9C783811D}.Debug|Any CPU.Build.0 = Debug|Any CPU
		{242CA857-7CDF-4FBD-B7F4-65B9C783811D}.Debug|x64.ActiveCfg = Debug|Any CPU
		{242CA857-7CDF-4FBD-B7F4-65B9C783811D}.Debug|x64.Build.0 = Debug|Any CPU
		{242CA857-7CDF-4FBD-B7F4-65B9C783811D}.Debug|x86.ActiveCfg = Debug|Any CPU
		{242CA857-7CDF-4FBD-B7F4-65B9C783811D}.Debug|x86.Build.0 = Debug|Any CPU
		{242CA857-7CDF-4FBD-B7F4-65B9C783811D}.Release|Any CPU.ActiveCfg = Release|Any CPU
		{242CA857-7CDF-4FBD-B7F4-65B9C783811D}.Release|Any CPU.Build.0 = Release|Any CPU
		{242CA857-7CDF-4FBD-B7F4-65B9C783811D}.Release|x64.ActiveCfg = Release|Any CPU
		{242CA857-7CDF-4FBD-B7F4-65B9C783811D}.Release|x64.Build.0 = Release|Any CPU
		{242CA857-7CDF-4FBD-B7F4-65B9C783811D}.Release|x86.ActiveCfg = Release|Any CPU
		{242CA857-7CDF-4FBD-B7F4-65B9C783811D}.Release|x86.Build.0 = Release|Any CPU
	EndGlobalSection
	GlobalSection(SolutionProperties) = preSolution
		HideSolutionNode = FALSE
	EndGlobalSection
	GlobalSection(NestedProjects) = preSolution
		{D9B9E57B-7B2F-2442-0BDE-9DB94176E441} = {5A1C3F0E-6A5E-4C1B-9E2F-2B7B7D2B3A01}
		{3C7F2D4A-8B1E-4F5A-A6C2-7E9D1B0F4C12} = {5A1C3F0E-6A5E-4C1B-9E2F-2B7B7D2B3A01}
		{242CA857-7CDF-4FBD-B7F4-65B9C783811D} = {0AB3BF05-4346-4AA6-1389-037BE0695223}
	EndGlobalSection
	GlobalSection(ExtensibilityGlobals) = postSolution
		SolutionGuid = {04AAF10D-F06B-4965-AA9F-E166859710CD}
	EndGlobalSection
EndGlobal
